
Microsoft Visual Studio Solution File, Format Version 12.00
# Visual Studio Version 17
VisualStudioVersion = 17.2.32616.157
MinimumVisualStudioVersion = 10.0.40219.1
Project("{9A19103F-16F7-4668-BE54-9A1E7A4F7556}") = "WpfChart", "WpfChart\WpfChart.csproj", "{1FC9AFE4-B089-4CEA-8872-90518456C2E9}"
EndProject
Project("{9A19103F-16F7-4668-BE54-9A1E7A4F7556}") = "WpfChart.Tests", "WpfChart.Tests\WpfChart.Tests.csproj", "{64CF0238-10A6-4C6E-B6F6-11942A25F7D7}"
EndProject
Project("{9A19103F-16F7-4668-BE54-9A1E7A4F7556}") = "WpfChart.Domain", "WpfChart.Domain\WpfChart.Domain.csproj", "{D5673961-99AA-4E8F-940D-F073524F5764}"
EndProject
Project("{9A19103F-16F7-4668-BE54-9A1E7A4F7556}") = "WpfChart.Infrastructure", "WpfChart.Infrastructure\WpfChart.Infrastructure.csproj", "{9BECAB44-07E9-421E-B2E8-B9EA1D24D4C6}"
EndProject
Project("{9A19103F-16F7-4668-BE54-9A1E7A4F7556}") = "WpfChart.Utility", "WpfChart.Utility\WpfChart.Utility.csproj", "{BA841B0F-2C70-4CD0-AB77-F6425FDFC555}"
EndProject
Global
	GlobalSection(SolutionConfigurationPlatforms) = preSolution
		Debug|Any CPU = Debug|Any CPU
		Release|Any CPU = Release|Any CPU
	EndGlobalSection
	GlobalSection(ProjectConfigurationPlatforms) = postSolution
		{1FC9AFE4-B089-4CEA-8872-90518456C2E9}.Debug|Any CPU.ActiveCfg = Debug|Any CPU
		{1FC9AFE4-B089-4CEA-8872-90518456C2E9}.Debug|Any CPU.Build.0 = Debug|Any CPU
		{1FC9AFE4-B089-4CEA-8872-90518456C2E9}.Release|Any CPU.ActiveCfg = Release|Any CPU
		{1FC9AFE4-B089-4CEA-8872-90518456C2E9}.Release|Any CPU.Build.0 = Release|Any CPU
		{64CF0238-10A6-4C6E-B6F6-11942A25F7D7}.Debug|Any CPU.ActiveCfg = Debug|Any CPU
		{64CF0238-10A6-4C6E-B6F6-11942A25F7D7}.Debug|Any CPU.Build.0 = Debug|Any CPU
		{64CF0238-10A6-4C6E-B6F6-11942A25F7D7}.Release|Any CPU.ActiveCfg = Release|Any CPU
		{64CF0238-10A6-4C6E-B6F6-11942A25F7D7}.Release|Any CPU.Build.0 = Release|Any CPU
		{D5673961-99AA-4E8F-940D-F073524F5764}.Debug|Any CPU.ActiveCfg = Debug|Any CPU
		{D5673961-99AA-4E8F-940D-F073524F5764}.Debug|Any CPU.Build.0 = Debug|Any CPU
		{D5673961-99AA-4E8F-940D-F073524F5764}.Release|Any CPU.ActiveCfg = Release|Any CPU
		{D5673961-99AA-4E8F-940D-F073524F5764}.Release|Any CPU.Build.0 = Release|Any CPU
		{9BECAB44-07E9-421E-B2E8-B9EA1D24D4C6}.Debug|Any CPU.ActiveCfg = Debug|Any CPU
		{9BECAB44-07E9-421E-B2E8-B9EA1D24D4C6}.Debug|Any CPU.Build.0 = Debug|Any CPU
		{9BECAB44-07E9-421E-B2E8-B9EA1D24D4C6}.Release|Any CPU.ActiveCfg = Release|Any CPU
		{9BECAB44-07E9-421E-B2E8-B9EA1D24D4C6}.Release|Any CPU.Build.0 = Release|Any CPU
		{BA841B0F-2C70-4CD0-AB77-F6425FDFC555}.Debug|Any CPU.ActiveCfg = Debug|Any CPU
		{BA841B0F-2C70-4CD0-AB77-F6425FDFC555}.Debug|Any CPU.Build.0 = Debug|Any CPU
		{BA841B0F-2C70-4CD0-AB77-F6425FDFC555}.Release|Any CPU.ActiveCfg = Release|Any CPU
		{BA841B0F-2C70-4CD0-AB77-F6425FDFC555}.Release|Any CPU.Build.0 = Release|Any CPU
	EndGlobalSection
	GlobalSection(SolutionProperties) = preSolution
		HideSolutionNode = FALSE
	EndGlobalSection
	GlobalSection(ExtensibilityGlobals) = postSolution
		SolutionGuid = {901DAB02-E8BC-4D89-88AE-3891A69BCEF8}
	EndGlobalSection
EndGlobal
